{
  "name": "@docx4j/core-ts",
  "version": "0.1.0",
  "lockfileVersion": 3,
  "requires": true,
  "packages": {
    "": {
      "name": "@docx4j/core-ts",
      "version": "0.1.0",
      "license": "Apache-2.0",
      "dependencies": {
        "@docx4j/generated-objects-ts": "^0.1.2",
        "fflate": "^0.8.2"
      },
      "devDependencies": {
        "typescript": "~5.6.3"
      },
      "engines": {
        "node": ">=18"
      }
    },
    "node_modules/@docx4j/generated-objects-ts": {
      "version": "0.1.2",
      "resolved": "https://registry.npmjs.org/@docx4j/generated-objects-ts/-/generated-objects-ts-0.1.2.tgz",
      "integrity": "sha512-+Ias/scf98ZtzmhY0QKYKM9S7tgMkooJwI5K6d5G8OYyHiAS/y+9a/vPOg7birQwNMtLpEAVpuDeCOGXz7/6Yg==",
      "dependencies": {
        "@docx4j/jsonix": "^3.2.1"
      },
      "engines": {
        "node": ">=18"
      }
    },
    "node_modules/@docx4j/jsonix": {
      "version": "3.2.1",
      "resolved": "https://registry.npmjs.org/@docx4j/jsonix/-/jsonix-3.2.1.tgz",
      "integrity": "sha512-ym/lW08/4ErtLCKbsNLT5VCdn5j70z1V8mCQXePHT8l4tZVeMTU6AZBkYLBZzKQxA/6a32++TNi6Um8lnrK3iw==",
      "dependencies": {
        "@xmldom/xmldom": "^0.9.7",
        "amdefine": "^1.0.1",
        "xmlhttprequest": "^1.8.0"
      }
    },
    "node_modules/@xmldom/xmldom": {
      "version": "0.9.12",
      "resolved": "https://registry.npmjs.org/@xmldom/xmldom/-/xmldom-0.9.12.tgz",
      "integrity": "sha512-5AXjrcMClTryPe9LgZrygpB1lj7s0S9E0+W+AHaVKAVyHanafK86iPSvG5xHVSp/jC+VH1UXu0TAEmY279xH7A==",
      "engines": {
        "node": ">=14.6"
      }
    },
    "node_modules/amdefine": {
      "version": "1.0.1",
      "resolved": "https://registry.npmjs.org/amdefine/-/amdefine-1.0.1.tgz",
      "integrity": "sha512-S2Hw0TtNkMJhIabBwIojKL9YHO5T0n5eNqWJ7Lrlel/zDbftQpxpapi8tZs3X1HWa+u+QeydGmzzNU0m09+Rcg==",
      "engines": {
        "node": ">=0.4.2"
      }
    },
    "node_modules/fflate": {
      "version": "0.8.3",
      "resolved": "https://registry.npmjs.org/fflate/-/fflate-0.8.3.tgz",
      "integrity": "sha512-tbZNuJrLwGUp3zshBtdy4W+ORxZuIh8a5ilyIEQDC5rY1f3U20JMry0Ll3WBzU58EZKsEuJFXhb5gwv8CsPvgA=="
    },
    "node_modules/typescript": {
      "version": "5.6.3",
      "resolved": "https://registry.npmjs.org/typescript/-/typescript-5.6.3.tgz",
      "integrity": "sha512-hjcS1mhfuyi4WW8IWtjP7brDrG2cuDZukyrYrSauoXGNgx0S7zceP07adYkJycEr56BOUTNPzbInooiN3fn1qw==",
      "dev": true,
      "bin": {
        "tsc": "bin/tsc",
        "tsserver": "bin/tsserver"
      },
      "engines": {
        "node": ">=14.17"
      }
    },
    "node_modules/xmlhttprequest": {
      "version": "1.8.0",
      "resolved": "https://registry.npmjs.org/xmlhttprequest/-/xmlhttprequest-1.8.0.tgz",
      "integrity": "sha512-58Im/U0mlVBLM38NdZjHyhuMtCqa61469k2YP/AaPbvCoV9aQGUpbJBj1QRm2ytRiVQBD/fsw7L2bJGDVQswBA==",
      "engines": {
        "node": ">=0.4.0"
      }
    }
  }
}
